<?xml version="1.0" encoding="utf-8"?>
<Project ToolsVersion="4.0" xmlns="http://schemas.microsoft.com/developer/msbuild/2003">
  <ItemGroup>
    <ClCompile Include="..\..\libsqaod\tests\main.cpp" />
    <ClCompile Include="..\..\libsqaod\tests\MinimalTestSuite.cpp" />
    <ClCompile Include="..\..\libsqaod\tests\DeviceTest.cpp" />
    <ClCompile Include="..\..\libsqaod\tests\DeviceMathTest.cpp" />
    <ClCompile Include="..\..\libsqaod\tests\CUDAFormulasBGFuncTest.cpp" />
    <ClCompile Include="..\..\libsqaod\tests\CUDAFormulasDGFuncTest.cpp" />
    <ClCompile Include="..\..\libsqaod\tests\DeviceRandomTest.cpp" />
    <ClCompile Include="..\..\libsqaod\tests\CUDADenseGraphBFSolverTest.cpp" />
    <ClCompile Include="..\..\libsqaod\tests\CUDADenseGraphAnnealerTest.cpp" />
    <ClCompile Include="..\..\libsqaod\tests\utils.cpp" />
    <ClCompile Include="..\..\libsqaod\cuda\debug.cpp" />
  </ItemGroup>
  <ItemGroup>
    <ClInclude Include="..\..\libsqaod\tests\MinimalTestSuite.h" />
    <ClInclude Include="..\..\libsqaod\tests\DeviceTest.h" />
    <ClInclude Include="..\..\libsqaod\tests\DeviceMathTest.h" />
    <ClInclude Include="..\..\libsqaod\tests\utils.h" />
    <ClInclude Include="..\..\libsqaod\tests\CUDAFormulasBGFuncTest.h" />
    <ClInclude Include="..\..\libsqaod\tests\CUDAFormulasDGFuncTest.h" />
    <ClInclude Include="..\..\libsqaod\tests\DeviceRandomTest.h" />
    <ClInclude Include="..\..\libsqaod\tests\CUDADenseGraphBFSolverTest.h" />
    <ClInclude Include="..\..\libsqaod\tests\CUDADenseGraphAnnealerTest.h" />
    <ClInclude Include="..\..\libsqaod\tests\DeviceSegmentedSumTest.h" />
  </ItemGroup>
  <ItemGroup>
    <CudaCompile Include="..\..\libsqaod\tests\DeviceSegmentedSumTest.cu" />
  </ItemGroup>
</Project>