<?xml version="1.0" encoding="utf-8"?>
<Project ToolsVersion="4.0" xmlns="http://schemas.microsoft.com/developer/msbuild/2003">
  <ItemGroup>
    <ClCompile Include="..\..\sqaodc\tests\main.cpp" />
    <ClCompile Include="..\..\sqaodc\tests\MinimalTestSuite.cpp" />
    <ClCompile Include="..\..\sqaodc\tests\DeviceTest.cpp" />
    <ClCompile Include="..\..\sqaodc\tests\DeviceMathTest.cpp" />
    <ClCompile Include="..\..\sqaodc\tests\CUDAFormulasBGFuncTest.cpp" />
    <ClCompile Include="..\..\sqaodc\tests\CUDAFormulasDGFuncTest.cpp" />
    <ClCompile Include="..\..\sqaodc\tests\DeviceRandomTest.cpp" />
    <ClCompile Include="..\..\sqaodc\tests\CUDADenseGraphBFSolverTest.cpp" />
    <ClCompile Include="..\..\sqaodc\tests\CUDADenseGraphAnnealerTest.cpp" />
    <ClCompile Include="..\..\sqaodc\tests\utils.cpp" />
    <ClCompile Include="..\..\sqaodc\tests\BFSearcherRangeCoverageTest.cpp" />
    <ClCompile Include="..\..\sqaodc\tests\CPUBipartiteGraphAnnealerTest.cpp" />
    <ClCompile Include="..\..\sqaodc\tests\CPUDenseGraphAnnealerTest.cpp" />
    <ClCompile Include="..\..\sqaodc\tests\CUDABipartiteGraphAnnealerTest.cpp" />
  </ItemGroup>
  <ItemGroup>
    <ClInclude Include="..\..\sqaodc\tests\MinimalTestSuite.h" />
    <ClInclude Include="..\..\sqaodc\tests\DeviceTest.h" />
    <ClInclude Include="..\..\sqaodc\tests\DeviceMathTest.h" />
    <ClInclude Include="..\..\sqaodc\tests\utils.h" />
    <ClInclude Include="..\..\sqaodc\tests\CUDAFormulasBGFuncTest.h" />
    <ClInclude Include="..\..\sqaodc\tests\CUDAFormulasDGFuncTest.h" />
    <ClInclude Include="..\..\sqaodc\tests\DeviceRandomTest.h" />
    <ClInclude Include="..\..\sqaodc\tests\CUDADenseGraphBFSolverTest.h" />
    <ClInclude Include="..\..\sqaodc\tests\CUDADenseGraphAnnealerTest.h" />
    <ClInclude Include="..\..\sqaodc\tests\DeviceSegmentedSumTest.h" />
    <ClInclude Include="..\..\sqaodc\tests\BFSearcherRangeCoverageTest.h" />
    <ClInclude Include="..\..\sqaodc\tests\CPUBipartiteGraphAnnealerTest.h" />
    <ClInclude Include="..\..\sqaodc\tests\CUDABipartiteGraphAnnealerTest.h" />
    <ClInclude Include="..\..\sqaodc\tests\DeviceTransform2dTest.h" />
  </ItemGroup>
  <ItemGroup>
    <CudaCompile Include="..\..\sqaodc\tests\DeviceSegmentedSumTest.cu" />
    <CudaCompile Include="..\..\sqaodc\tests\DeviceTransform2dTest.cu" />
  </ItemGroup>
</Project>