
Microsoft Visual Studio Solution File, Format Version 12.00
# Visual Studio 14
VisualStudioVersion = 14.0.25420.1
MinimumVisualStudioVersion = 10.0.40219.1
Project("{8BC9CEB8-8B4A-11D0-8D11-00A0C91BC942}") = "sqaod", "sqaod\sqaod.vcxproj", "{0AEEDA6A-F70A-4ABC-ADDC-3FD4BF15255B}"
EndProject
Project("{8BC9CEB8-8B4A-11D0-8D11-00A0C91BC942}") = "test", "test\test.vcxproj", "{527F1650-4C0D-4EE3-80E0-0A231528B7EC}"
EndProject
Global
	GlobalSection(SolutionConfigurationPlatforms) = preSolution
		Debug|x64 = Debug|x64
		Debug|x86 = Debug|x86
		Release|x64 = Release|x64
		Release|x86 = Release|x86
	EndGlobalSection
	GlobalSection(ProjectConfigurationPlatforms) = postSolution
		{0AEEDA6A-F70A-4ABC-ADDC-3FD4BF15255B}.Debug|x64.ActiveCfg = Debug|x64
		{0AEEDA6A-F70A-4ABC-ADDC-3FD4BF15255B}.Debug|x64.Build.0 = Debug|x64
		{0AEEDA6A-F70A-4ABC-ADDC-3FD4BF15255B}.Debug|x86.ActiveCfg = Debug|Win32
		{0AEEDA6A-F70A-4ABC-ADDC-3FD4BF15255B}.Debug|x86.Build.0 = Debug|Win32
		{0AEEDA6A-F70A-4ABC-ADDC-3FD4BF15255B}.Release|x64.ActiveCfg = Release|x64
		{0AEEDA6A-F70A-4ABC-ADDC-3FD4BF15255B}.Release|x64.Build.0 = Release|x64
		{0AEEDA6A-F70A-4ABC-ADDC-3FD4BF15255B}.Release|x86.ActiveCfg = Release|Win32
		{0AEEDA6A-F70A-4ABC-ADDC-3FD4BF15255B}.Release|x86.Build.0 = Release|Win32
		{527F1650-4C0D-4EE3-80E0-0A231528B7EC}.Debug|x64.ActiveCfg = Debug|x64
		{527F1650-4C0D-4EE3-80E0-0A231528B7EC}.Debug|x64.Build.0 = Debug|x64
		{527F1650-4C0D-4EE3-80E0-0A231528B7EC}.Debug|x86.ActiveCfg = Debug|Win32
		{527F1650-4C0D-4EE3-80E0-0A231528B7EC}.Debug|x86.Build.0 = Debug|Win32
		{527F1650-4C0D-4EE3-80E0-0A231528B7EC}.Release|x64.ActiveCfg = Release|x64
		{527F1650-4C0D-4EE3-80E0-0A231528B7EC}.Release|x64.Build.0 = Release|x64
		{527F1650-4C0D-4EE3-80E0-0A231528B7EC}.Release|x86.ActiveCfg = Release|Win32
		{527F1650-4C0D-4EE3-80E0-0A231528B7EC}.Release|x86.Build.0 = Release|Win32
	EndGlobalSection
	GlobalSection(SolutionProperties) = preSolution
		HideSolutionNode = FALSE
	EndGlobalSection
EndGlobal
